
Microsoft Visual Studio Solution File, Format Version 12.00
# Visual Studio Version 17
VisualStudioVersion = 17.3.32825.248
MinimumVisualStudioVersion = 10.0.40219.1
Project("{FAE04EC0-301F-11D3-BF4B-00C04F79EFBC}") = "Herencias.V42-43", "Herencias.V42-43\Herencias.V42-43.csproj", "{905E8E10-54F9-41D7-95CC-0D87AD960AEB}"
EndProject
Global
	GlobalSection(SolutionConfigurationPlatforms) = preSolution
		Debug|Any CPU = Debug|Any CPU
		Release|Any CPU = Release|Any CPU
	EndGlobalSection
	GlobalSection(ProjectConfigurationPlatforms) = postSolution
		{905E8E10-54F9-41D7-95CC-0D87AD960AEB}.Debug|Any CPU.ActiveCfg = Debug|Any CPU
		{905E8E10-54F9-41D7-95CC-0D87AD960AEB}.Debug|Any CPU.Build.0 = Debug|Any CPU
		{905E8E10-54F9-41D7-95CC-0D87AD960AEB}.Release|Any CPU.ActiveCfg = Release|Any CPU
		{905E8E10-54F9-41D7-95CC-0D87AD960AEB}.Release|Any CPU.Build.0 = Release|Any CPU
	EndGlobalSection
	GlobalSection(SolutionProperties) = preSolution
		HideSolutionNode = FALSE
	EndGlobalSection
	GlobalSection(ExtensibilityGlobals) = postSolution
		SolutionGuid = {B3739883-480B-4B40-8DB2-0C4073335F68}
	EndGlobalSection
EndGlobal
