
Microsoft Visual Studio Solution File, Format Version 12.00
# Visual Studio Version 17
VisualStudioVersion = 17.3.32825.248
MinimumVisualStudioVersion = 10.0.40219.1
Project("{FAE04EC0-301F-11D3-BF4B-00C04F79EFBC}") = "ejercicioHerencia", "ejercicioHerencia\ejercicioHerencia.csproj", "{8FD685C2-A207-4668-A519-FA9CF416438D}"
EndProject
Global
	GlobalSection(SolutionConfigurationPlatforms) = preSolution
		Debug|Any CPU = Debug|Any CPU
		Release|Any CPU = Release|Any CPU
	EndGlobalSection
	GlobalSection(ProjectConfigurationPlatforms) = postSolution
		{8FD685C2-A207-4668-A519-FA9CF416438D}.Debug|Any CPU.ActiveCfg = Debug|Any CPU
		{8FD685C2-A207-4668-A519-FA9CF416438D}.Debug|Any CPU.Build.0 = Debug|Any CPU
		{8FD685C2-A207-4668-A519-FA9CF416438D}.Release|Any CPU.ActiveCfg = Release|Any CPU
		{8FD685C2-A207-4668-A519-FA9CF416438D}.Release|Any CPU.Build.0 = Release|Any CPU
	EndGlobalSection
	GlobalSection(SolutionProperties) = preSolution
		HideSolutionNode = FALSE
	EndGlobalSection
	GlobalSection(ExtensibilityGlobals) = postSolution
		SolutionGuid = {109C1AB5-CEB1-4D44-B268-5D6CDCEA6D47}
	EndGlobalSection
EndGlobal
